
Microsoft Visual Studio Solution File, Format Version 12.00
# Visual Studio Version 16
VisualStudioVersion = 16.0.32929.386
MinimumVisualStudioVersion = 10.0.40219.1
Project("{FAE04EC0-301F-11D3-BF4B-00C04F79EFBC}") = "Dictionary.Api", "Dictionary.Api\Dictionary.Api.csproj", "{530C80FF-BC29-4D98-999C-00B70AD66176}"
EndProject
Project("{FAE04EC0-301F-11D3-BF4B-00C04F79EFBC}") = "Dictionary.Service", "Dictionary.Service\Dictionary.Service.csproj", "{3F49C8A0-522A-4097-AD5C-ECA0DE63A0C4}"
EndProject
Project("{FAE04EC0-301F-11D3-BF4B-00C04F79EFBC}") = "Dictionary.Repo", "Dictionary.Repo\Dictionary.Repo.csproj", "{A1554C40-A8FD-481C-A660-06B0D598861C}"
EndProject
Global
	GlobalSection(SolutionConfigurationPlatforms) = preSolution
		Debug|Any CPU = Debug|Any CPU
		Release|Any CPU = Release|Any CPU
	EndGlobalSection
	GlobalSection(ProjectConfigurationPlatforms) = postSolution
		{530C80FF-BC29-4D98-999C-00B70AD66176}.Debug|Any CPU.ActiveCfg = Debug|Any CPU
		{530C80FF-BC29-4D98-999C-00B70AD66176}.Debug|Any CPU.Build.0 = Debug|Any CPU
		{530C80FF-BC29-4D98-999C-00B70AD66176}.Release|Any CPU.ActiveCfg = Release|Any CPU
		{530C80FF-BC29-4D98-999C-00B70AD66176}.Release|Any CPU.Build.0 = Release|Any CPU
		{3F49C8A0-522A-4097-AD5C-ECA0DE63A0C4}.Debug|Any CPU.ActiveCfg = Debug|Any CPU
		{3F49C8A0-522A-4097-AD5C-ECA0DE63A0C4}.Debug|Any CPU.Build.0 = Debug|Any CPU
		{3F49C8A0-522A-4097-AD5C-ECA0DE63A0C4}.Release|Any CPU.ActiveCfg = Release|Any CPU
		{3F49C8A0-522A-4097-AD5C-ECA0DE63A0C4}.Release|Any CPU.Build.0 = Release|Any CPU
		{A1554C40-A8FD-481C-A660-06B0D598861C}.Debug|Any CPU.ActiveCfg = Debug|Any CPU
		{A1554C40-A8FD-481C-A660-06B0D598861C}.Debug|Any CPU.Build.0 = Debug|Any CPU
		{A1554C40-A8FD-481C-A660-06B0D598861C}.Release|Any CPU.ActiveCfg = Release|Any CPU
		{A1554C40-A8FD-481C-A660-06B0D598861C}.Release|Any CPU.Build.0 = Release|Any CPU
	EndGlobalSection
	GlobalSection(SolutionProperties) = preSolution
		HideSolutionNode = FALSE
	EndGlobalSection
	GlobalSection(ExtensibilityGlobals) = postSolution
		SolutionGuid = {100CA4A7-CA79-4194-9682-B15E7AE2EBA5}
	EndGlobalSection
EndGlobal
